
Microsoft Visual Studio Solution File, Format Version 12.00
# Visual Studio 15
VisualStudioVersion = 15.0.27703.2000
MinimumVisualStudioVersion = 10.0.40219.1
Project("{8BC9CEB8-8B4A-11D0-8D11-00A0C91BC942}") = "VenomEngine", "VenomEngine\VenomEngine.vcxproj", "{4DE9952F-3F67-40E3-AF3F-3D5AF3B2E9C2}"
EndProject
Project("{8BC9CEB8-8B4A-11D0-8D11-00A0C91BC942}") = "VenomEngineExamples", "VenomEngineExamples\VenomEngineExamples.vcxproj", "{6B94C09C-1BAD-46F2-AB96-BFCB58087D37}"
EndProject
Global
	GlobalSection(SolutionConfigurationPlatforms) = preSolution
		Debug|x64 = Debug|x64
		Debug|x86 = Debug|x86
		Release|x64 = Release|x64
		Release|x86 = Release|x86
	EndGlobalSection
	GlobalSection(ProjectConfigurationPlatforms) = postSolution
		{4DE9952F-3F67-40E3-AF3F-3D5AF3B2E9C2}.Debug|x64.ActiveCfg = Debug|x64
		{4DE9952F-3F67-40E3-AF3F-3D5AF3B2E9C2}.Debug|x64.Build.0 = Debug|x64
		{4DE9952F-3F67-40E3-AF3F-3D5AF3B2E9C2}.Debug|x86.ActiveCfg = Debug|Win32
		{4DE9952F-3F67-40E3-AF3F-3D5AF3B2E9C2}.Debug|x86.Build.0 = Debug|Win32
		{4DE9952F-3F67-40E3-AF3F-3D5AF3B2E9C2}.Release|x64.ActiveCfg = Release|x64
		{4DE9952F-3F67-40E3-AF3F-3D5AF3B2E9C2}.Release|x64.Build.0 = Release|x64
		{4DE9952F-3F67-40E3-AF3F-3D5AF3B2E9C2}.Release|x86.ActiveCfg = Release|Win32
		{4DE9952F-3F67-40E3-AF3F-3D5AF3B2E9C2}.Release|x86.Build.0 = Release|Win32
		{6B94C09C-1BAD-46F2-AB96-BFCB58087D37}.Debug|x64.ActiveCfg = Debug|x64
		{6B94C09C-1BAD-46F2-AB96-BFCB58087D37}.Debug|x64.Build.0 = Debug|x64
		{6B94C09C-1BAD-46F2-AB96-BFCB58087D37}.Debug|x86.ActiveCfg = Debug|Win32
		{6B94C09C-1BAD-46F2-AB96-BFCB58087D37}.Debug|x86.Build.0 = Debug|Win32
		{6B94C09C-1BAD-46F2-AB96-BFCB58087D37}.Release|x64.ActiveCfg = Release|x64
		{6B94C09C-1BAD-46F2-AB96-BFCB58087D37}.Release|x64.Build.0 = Release|x64
		{6B94C09C-1BAD-46F2-AB96-BFCB58087D37}.Release|x86.ActiveCfg = Release|Win32
		{6B94C09C-1BAD-46F2-AB96-BFCB58087D37}.Release|x86.Build.0 = Release|Win32
	EndGlobalSection
	GlobalSection(SolutionProperties) = preSolution
		HideSolutionNode = FALSE
	EndGlobalSection
	GlobalSection(ExtensibilityGlobals) = postSolution
		SolutionGuid = {EC1E4E2D-A1A1-4600-AE04-341349B15C06}
	EndGlobalSection
EndGlobal
